
Microsoft Visual Studio Solution File, Format Version 12.00
# Visual Studio Version 17
VisualStudioVersion = 17.8.34408.163
MinimumVisualStudioVersion = 10.0.40219.1
Project("{9A19103F-16F7-4668-BE54-9A1E7A4F7556}") = "Web", "BulkyWeb\Web.csproj", "{BA88F23D-1BBE-4E98-9446-250B17907C52}"
EndProject
Project("{9A19103F-16F7-4668-BE54-9A1E7A4F7556}") = "Domain", "Domain\Domain.csproj", "{1F975575-F784-479C-B97A-6F71E659CCD6}"
EndProject
Project("{9A19103F-16F7-4668-BE54-9A1E7A4F7556}") = "Application", "Application\Application.csproj", "{A3E99DFB-928C-43A4-9CFE-37D3BD8D6902}"
EndProject
Project("{9A19103F-16F7-4668-BE54-9A1E7A4F7556}") = "Infrastructure", "Infrastructure\Infrastructure.csproj", "{D2ECBD19-A2A4-4C31-88BA-B5FE097949ED}"
EndProject
Global
	GlobalSection(SolutionConfigurationPlatforms) = preSolution
		Debug|Any CPU = Debug|Any CPU
		Release|Any CPU = Release|Any CPU
	EndGlobalSection
	GlobalSection(ProjectConfigurationPlatforms) = postSolution
		{BA88F23D-1BBE-4E98-9446-250B17907C52}.Debug|Any CPU.ActiveCfg = Debug|Any CPU
		{BA88F23D-1BBE-4E98-9446-250B17907C52}.Debug|Any CPU.Build.0 = Debug|Any CPU
		{BA88F23D-1BBE-4E98-9446-250B17907C52}.Release|Any CPU.ActiveCfg = Release|Any CPU
		{BA88F23D-1BBE-4E98-9446-250B17907C52}.Release|Any CPU.Build.0 = Release|Any CPU
		{1F975575-F784-479C-B97A-6F71E659CCD6}.Debug|Any CPU.ActiveCfg = Debug|Any CPU
		{1F975575-F784-479C-B97A-6F71E659CCD6}.Debug|Any CPU.Build.0 = Debug|Any CPU
		{1F975575-F784-479C-B97A-6F71E659CCD6}.Release|Any CPU.ActiveCfg = Release|Any CPU
		{1F975575-F784-479C-B97A-6F71E659CCD6}.Release|Any CPU.Build.0 = Release|Any CPU
		{A3E99DFB-928C-43A4-9CFE-37D3BD8D6902}.Debug|Any CPU.ActiveCfg = Debug|Any CPU
		{A3E99DFB-928C-43A4-9CFE-37D3BD8D6902}.Debug|Any CPU.Build.0 = Debug|Any CPU
		{A3E99DFB-928C-43A4-9CFE-37D3BD8D6902}.Release|Any CPU.ActiveCfg = Release|Any CPU
		{A3E99DFB-928C-43A4-9CFE-37D3BD8D6902}.Release|Any CPU.Build.0 = Release|Any CPU
		{D2ECBD19-A2A4-4C31-88BA-B5FE097949ED}.Debug|Any CPU.ActiveCfg = Debug|Any CPU
		{D2ECBD19-A2A4-4C31-88BA-B5FE097949ED}.Debug|Any CPU.Build.0 = Debug|Any CPU
		{D2ECBD19-A2A4-4C31-88BA-B5FE097949ED}.Release|Any CPU.ActiveCfg = Release|Any CPU
		{D2ECBD19-A2A4-4C31-88BA-B5FE097949ED}.Release|Any CPU.Build.0 = Release|Any CPU
	EndGlobalSection
	GlobalSection(SolutionProperties) = preSolution
		HideSolutionNode = FALSE
	EndGlobalSection
	GlobalSection(ExtensibilityGlobals) = postSolution
		SolutionGuid = {BE565586-BE03-417C-8B94-FEA76AA89C0F}
	EndGlobalSection
EndGlobal
